// !$*UTF8*$!
{
	archiveVersion = 1;
	classes = {
	};
	objectVersion = 50;
	objects = {

/* Begin PBXBuildFile section */
		790B1C7ACA2A73B7881CF275 /* Pods_WorkoutApp.framework in Frameworks */ = {isa = PBXBuildFile; fileRef = A6B420E0D3D42DA90A265528 /* Pods_WorkoutApp.framework */; };
		910D1E41222C8A5B0090B2BB /* Image Helper.swift in Sources */ = {isa = PBXBuildFile; fileRef = 910D1E40222C8A5B0090B2BB /* Image Helper.swift */; };
		910D1E46222D8B1D0090B2BB /* WorkoutProgram.swift in Sources */ = {isa = PBXBuildFile; fileRef = 910D1E45222D8B1D0090B2BB /* WorkoutProgram.swift */; };
		910D1E4A222DFB480090B2BB /* String+Extensions.swift in Sources */ = {isa = PBXBuildFile; fileRef = 910D1E49222DFB480090B2BB /* String+Extensions.swift */; };
		910D1E4D222EE9740090B2BB /* LoginView.xib in Resources */ = {isa = PBXBuildFile; fileRef = 910D1E4C222EE9740090B2BB /* LoginView.xib */; };
		910D1E51222EE9FF0090B2BB /* EditRecordDetailView.swift in Sources */ = {isa = PBXBuildFile; fileRef = 910D1E50222EE9FF0090B2BB /* EditRecordDetailView.swift */; };
		910D1E53222EEA1C0090B2BB /* EditRecordDetailView.xib in Resources */ = {isa = PBXBuildFile; fileRef = 910D1E52222EEA1C0090B2BB /* EditRecordDetailView.xib */; };
		910D1E56222EEAB10090B2BB /* UserSession.swift in Sources */ = {isa = PBXBuildFile; fileRef = 910D1E55222EEAB10090B2BB /* UserSession.swift */; };
		910D1E58222EEAC50090B2BB /* DatabaseKeys.swift in Sources */ = {isa = PBXBuildFile; fileRef = 910D1E57222EEAC50090B2BB /* DatabaseKeys.swift */; };
		910D1E5A222EEAD50090B2BB /* DatabaseManager.swift in Sources */ = {isa = PBXBuildFile; fileRef = 910D1E59222EEAD50090B2BB /* DatabaseManager.swift */; };
		910D1E5C222EEAE50090B2BB /* StorageManager.swift in Sources */ = {isa = PBXBuildFile; fileRef = 910D1E5B222EEAE50090B2BB /* StorageManager.swift */; };
		910D1E5E222EEAF30090B2BB /* StorageKeys.swift in Sources */ = {isa = PBXBuildFile; fileRef = 910D1E5D222EEAF30090B2BB /* StorageKeys.swift */; };
		910D1E61222EEB910090B2BB /* ProfileViewController.swift in Sources */ = {isa = PBXBuildFile; fileRef = 910D1E60222EEB910090B2BB /* ProfileViewController.swift */; };
		910D1E65222EEC2C0090B2BB /* UIViewController+Alerts.swift in Sources */ = {isa = PBXBuildFile; fileRef = 910D1E64222EEC2C0090B2BB /* UIViewController+Alerts.swift */; };
		910D1E67222EEC590090B2BB /* IBDesignableViews.swift in Sources */ = {isa = PBXBuildFile; fileRef = 910D1E66222EEC590090B2BB /* IBDesignableViews.swift */; };
		910D1E69222F496E0090B2BB /* GoalView.swift in Sources */ = {isa = PBXBuildFile; fileRef = 910D1E68222F496E0090B2BB /* GoalView.swift */; };
		910D1E6B222F49810090B2BB /* DaysView.swift in Sources */ = {isa = PBXBuildFile; fileRef = 910D1E6A222F49800090B2BB /* DaysView.swift */; };
		910D1E6D222F49A10090B2BB /* WorkoutLengthView.swift in Sources */ = {isa = PBXBuildFile; fileRef = 910D1E6C222F49A10090B2BB /* WorkoutLengthView.swift */; };
		910D1E6F222F49D50090B2BB /* GymMemberView.swift in Sources */ = {isa = PBXBuildFile; fileRef = 910D1E6E222F49D50090B2BB /* GymMemberView.swift */; };
		910D1E71222F4A510090B2BB /* GoalViewController.swift in Sources */ = {isa = PBXBuildFile; fileRef = 910D1E70222F4A510090B2BB /* GoalViewController.swift */; };
		910D1E73222F4AED0090B2BB /* DaysViewController.swift in Sources */ = {isa = PBXBuildFile; fileRef = 910D1E72222F4AED0090B2BB /* DaysViewController.swift */; };
		910D1E75222F4B5A0090B2BB /* WorkoutLengthViewController.swift in Sources */ = {isa = PBXBuildFile; fileRef = 910D1E74222F4B5A0090B2BB /* WorkoutLengthViewController.swift */; };
		910D1E77222F4B7E0090B2BB /* GymMemberViewController.swift in Sources */ = {isa = PBXBuildFile; fileRef = 910D1E76222F4B7E0090B2BB /* GymMemberViewController.swift */; };
		910D1E79222F4B950090B2BB /* LoginViewController.swift in Sources */ = {isa = PBXBuildFile; fileRef = 910D1E78222F4B950090B2BB /* LoginViewController.swift */; };
		910D1E7B222F4C020090B2BB /* GoalView.xib in Resources */ = {isa = PBXBuildFile; fileRef = 910D1E7A222F4C020090B2BB /* GoalView.xib */; };
		910D1E7F222F4C270090B2BB /* DaysView.xib in Resources */ = {isa = PBXBuildFile; fileRef = 910D1E7E222F4C260090B2BB /* DaysView.xib */; };
		910D1E81222F4C470090B2BB /* WorkoutLengthView.xib in Resources */ = {isa = PBXBuildFile; fileRef = 910D1E80222F4C470090B2BB /* WorkoutLengthView.xib */; };
		910D1E83222F4C5F0090B2BB /* GymMemberView.xib in Resources */ = {isa = PBXBuildFile; fileRef = 910D1E82222F4C5F0090B2BB /* GymMemberView.xib */; };
		910D1E85223080AD0090B2BB /* LoginView.swift in Sources */ = {isa = PBXBuildFile; fileRef = 910D1E84223080AD0090B2BB /* LoginView.swift */; };
		910D1E872231784D0090B2BB /* GymUser.swift in Sources */ = {isa = PBXBuildFile; fileRef = 910D1E862231784D0090B2BB /* GymUser.swift */; };
		910D1E89223178EA0090B2BB /* GymEntry .swift in Sources */ = {isa = PBXBuildFile; fileRef = 910D1E88223178EA0090B2BB /* GymEntry .swift */; };
		910D1E8B22317E330090B2BB /* WorkoutType.swift in Sources */ = {isa = PBXBuildFile; fileRef = 910D1E8A22317E330090B2BB /* WorkoutType.swift */; };
		910D1E902231BD5A0090B2BB /* Main.storyboard in Resources */ = {isa = PBXBuildFile; fileRef = 910D1E8F2231BD5A0090B2BB /* Main.storyboard */; };
		913F83F2221B5015007D6426 /* GoogleService-Info.plist in Resources */ = {isa = PBXBuildFile; fileRef = 913F83F1221B5015007D6426 /* GoogleService-Info.plist */; };
		9176F4F921DD63BC001F68A8 /* Gym.swift in Sources */ = {isa = PBXBuildFile; fileRef = 9176F4F821DD63BC001F68A8 /* Gym.swift */; };
		9176F4FD21DD6506001F68A8 /* WorkoutAPIClient .swift in Sources */ = {isa = PBXBuildFile; fileRef = 9176F4FC21DD6506001F68A8 /* WorkoutAPIClient .swift */; };
		9176F50221DD668A001F68A8 /* NetworkHelper .swift in Sources */ = {isa = PBXBuildFile; fileRef = 9176F50121DD668A001F68A8 /* NetworkHelper .swift */; };
		9176F50421DD6851001F68A8 /* AppError.swift in Sources */ = {isa = PBXBuildFile; fileRef = 9176F50321DD6851001F68A8 /* AppError.swift */; };
		9176F50621DD7A8A001F68A8 /* GymDetailViewController.swift in Sources */ = {isa = PBXBuildFile; fileRef = 9176F50521DD7A8A001F68A8 /* GymDetailViewController.swift */; };
		9181C55A21EE5CF200292B08 /* PostViewController.swift in Sources */ = {isa = PBXBuildFile; fileRef = 9181C55921EE5CF200292B08 /* PostViewController.swift */; };
		91D856F921E448810085B31A /* DescriptionDetailViewController.swift in Sources */ = {isa = PBXBuildFile; fileRef = 91D856F821E448810085B31A /* DescriptionDetailViewController.swift */; };
		91E8B43321CD9EB900235D0A /* AppDelegate.swift in Sources */ = {isa = PBXBuildFile; fileRef = 91E8B43221CD9EB900235D0A /* AppDelegate.swift */; };
		91E8B43521CD9EB900235D0A /* MainGymController.swift in Sources */ = {isa = PBXBuildFile; fileRef = 91E8B43421CD9EB900235D0A /* MainGymController.swift */; };
		91E8B43821CD9EB900235D0A /* GymMain.storyboard in Resources */ = {isa = PBXBuildFile; fileRef = 91E8B43621CD9EB900235D0A /* GymMain.storyboard */; };
		91E8B43A21CD9EBB00235D0A /* Assets.xcassets in Resources */ = {isa = PBXBuildFile; fileRef = 91E8B43921CD9EBB00235D0A /* Assets.xcassets */; };
		91E8B43D21CD9EBB00235D0A /* LaunchScreen.storyboard in Resources */ = {isa = PBXBuildFile; fileRef = 91E8B43B21CD9EBB00235D0A /* LaunchScreen.storyboard */; };
/* End PBXBuildFile section */

/* Begin PBXFileReference section */
		910D1E40222C8A5B0090B2BB /* Image Helper.swift */ = {isa = PBXFileReference; fileEncoding = 4; lastKnownFileType = sourcecode.swift; path = "Image Helper.swift"; sourceTree = "<group>"; };
		910D1E45222D8B1D0090B2BB /* WorkoutProgram.swift */ = {isa = PBXFileReference; lastKnownFileType = sourcecode.swift; path = WorkoutProgram.swift; sourceTree = "<group>"; };
		910D1E49222DFB480090B2BB /* String+Extensions.swift */ = {isa = PBXFileReference; lastKnownFileType = sourcecode.swift; path = "String+Extensions.swift"; sourceTree = "<group>"; };
		910D1E4C222EE9740090B2BB /* LoginView.xib */ = {isa = PBXFileReference; lastKnownFileType = file.xib; path = LoginView.xib; sourceTree = "<group>"; };
		910D1E50222EE9FF0090B2BB /* EditRecordDetailView.swift */ = {isa = PBXFileReference; lastKnownFileType = sourcecode.swift; path = EditRecordDetailView.swift; sourceTree = "<group>"; };
		910D1E52222EEA1C0090B2BB /* EditRecordDetailView.xib */ = {isa = PBXFileReference; lastKnownFileType = file.xib; path = EditRecordDetailView.xib; sourceTree = "<group>"; };
		910D1E55222EEAB10090B2BB /* UserSession.swift */ = {isa = PBXFileReference; lastKnownFileType = sourcecode.swift; path = UserSession.swift; sourceTree = "<group>"; };
		910D1E57222EEAC50090B2BB /* DatabaseKeys.swift */ = {isa = PBXFileReference; lastKnownFileType = sourcecode.swift; path = DatabaseKeys.swift; sourceTree = "<group>"; };
		910D1E59222EEAD50090B2BB /* DatabaseManager.swift */ = {isa = PBXFileReference; lastKnownFileType = sourcecode.swift; path = DatabaseManager.swift; sourceTree = "<group>"; };
		910D1E5B222EEAE50090B2BB /* StorageManager.swift */ = {isa = PBXFileReference; lastKnownFileType = sourcecode.swift; path = StorageManager.swift; sourceTree = "<group>"; };
		910D1E5D222EEAF30090B2BB /* StorageKeys.swift */ = {isa = PBXFileReference; lastKnownFileType = sourcecode.swift; path = StorageKeys.swift; sourceTree = "<group>"; };
		910D1E60222EEB910090B2BB /* ProfileViewController.swift */ = {isa = PBXFileReference; lastKnownFileType = sourcecode.swift; path = ProfileViewController.swift; sourceTree = "<group>"; };
		910D1E64222EEC2C0090B2BB /* UIViewController+Alerts.swift */ = {isa = PBXFileReference; lastKnownFileType = sourcecode.swift; path = "UIViewController+Alerts.swift"; sourceTree = "<group>"; };
		910D1E66222EEC590090B2BB /* IBDesignableViews.swift */ = {isa = PBXFileReference; lastKnownFileType = sourcecode.swift; path = IBDesignableViews.swift; sourceTree = "<group>"; };
		910D1E68222F496E0090B2BB /* GoalView.swift */ = {isa = PBXFileReference; lastKnownFileType = sourcecode.swift; path = GoalView.swift; sourceTree = "<group>"; };
		910D1E6A222F49800090B2BB /* DaysView.swift */ = {isa = PBXFileReference; lastKnownFileType = sourcecode.swift; path = DaysView.swift; sourceTree = "<group>"; };
		910D1E6C222F49A10090B2BB /* WorkoutLengthView.swift */ = {isa = PBXFileReference; lastKnownFileType = sourcecode.swift; path = WorkoutLengthView.swift; sourceTree = "<group>"; };
		910D1E6E222F49D50090B2BB /* GymMemberView.swift */ = {isa = PBXFileReference; lastKnownFileType = sourcecode.swift; path = GymMemberView.swift; sourceTree = "<group>"; };
		910D1E70222F4A510090B2BB /* GoalViewController.swift */ = {isa = PBXFileReference; lastKnownFileType = sourcecode.swift; path = GoalViewController.swift; sourceTree = "<group>"; };
		910D1E72222F4AED0090B2BB /* DaysViewController.swift */ = {isa = PBXFileReference; lastKnownFileType = sourcecode.swift; path = DaysViewController.swift; sourceTree = "<group>"; };
		910D1E74222F4B5A0090B2BB /* WorkoutLengthViewController.swift */ = {isa = PBXFileReference; lastKnownFileType = sourcecode.swift; path = WorkoutLengthViewController.swift; sourceTree = "<group>"; };
		910D1E76222F4B7E0090B2BB /* GymMemberViewController.swift */ = {isa = PBXFileReference; lastKnownFileType = sourcecode.swift; path = GymMemberViewController.swift; sourceTree = "<group>"; };
		910D1E78222F4B950090B2BB /* LoginViewController.swift */ = {isa = PBXFileReference; lastKnownFileType = sourcecode.swift; path = LoginViewController.swift; sourceTree = "<group>"; };
		910D1E7A222F4C020090B2BB /* GoalView.xib */ = {isa = PBXFileReference; lastKnownFileType = file.xib; path = GoalView.xib; sourceTree = "<group>"; };
		910D1E7E222F4C260090B2BB /* DaysView.xib */ = {isa = PBXFileReference; lastKnownFileType = file.xib; path = DaysView.xib; sourceTree = "<group>"; };
		910D1E80222F4C470090B2BB /* WorkoutLengthView.xib */ = {isa = PBXFileReference; lastKnownFileType = file.xib; path = WorkoutLengthView.xib; sourceTree = "<group>"; };
		910D1E82222F4C5F0090B2BB /* GymMemberView.xib */ = {isa = PBXFileReference; lastKnownFileType = file.xib; path = GymMemberView.xib; sourceTree = "<group>"; };
		910D1E84223080AD0090B2BB /* LoginView.swift */ = {isa = PBXFileReference; lastKnownFileType = sourcecode.swift; path = LoginView.swift; sourceTree = "<group>"; };
		910D1E862231784D0090B2BB /* GymUser.swift */ = {isa = PBXFileReference; lastKnownFileType = sourcecode.swift; path = GymUser.swift; sourceTree = "<group>"; };
		910D1E88223178EA0090B2BB /* GymEntry .swift */ = {isa = PBXFileReference; lastKnownFileType = sourcecode.swift; path = "GymEntry .swift"; sourceTree = "<group>"; };
		910D1E8A22317E330090B2BB /* WorkoutType.swift */ = {isa = PBXFileReference; lastKnownFileType = sourcecode.swift; path = WorkoutType.swift; sourceTree = "<group>"; };
		910D1E8F2231BD5A0090B2BB /* Main.storyboard */ = {isa = PBXFileReference; lastKnownFileType = file.storyboard; path = Main.storyboard; sourceTree = "<group>"; };
		913F83F1221B5015007D6426 /* GoogleService-Info.plist */ = {isa = PBXFileReference; fileEncoding = 4; lastKnownFileType = text.plist.xml; path = "GoogleService-Info.plist"; sourceTree = "<group>"; };
		9176F4F821DD63BC001F68A8 /* Gym.swift */ = {isa = PBXFileReference; lastKnownFileType = sourcecode.swift; path = Gym.swift; sourceTree = "<group>"; };
		9176F4FC21DD6506001F68A8 /* WorkoutAPIClient .swift */ = {isa = PBXFileReference; lastKnownFileType = sourcecode.swift; path = "WorkoutAPIClient .swift"; sourceTree = "<group>"; };
		9176F50121DD668A001F68A8 /* NetworkHelper .swift */ = {isa = PBXFileReference; lastKnownFileType = sourcecode.swift; path = "NetworkHelper .swift"; sourceTree = "<group>"; };
		9176F50321DD6851001F68A8 /* AppError.swift */ = {isa = PBXFileReference; lastKnownFileType = sourcecode.swift; path = AppError.swift; sourceTree = "<group>"; };
		9176F50521DD7A8A001F68A8 /* GymDetailViewController.swift */ = {isa = PBXFileReference; lastKnownFileType = sourcecode.swift; path = GymDetailViewController.swift; sourceTree = "<group>"; };
		9181C55921EE5CF200292B08 /* PostViewController.swift */ = {isa = PBXFileReference; lastKnownFileType = sourcecode.swift; path = PostViewController.swift; sourceTree = "<group>"; };
		91D856F821E448810085B31A /* DescriptionDetailViewController.swift */ = {isa = PBXFileReference; lastKnownFileType = sourcecode.swift; path = DescriptionDetailViewController.swift; sourceTree = "<group>"; };
		91E8B42F21CD9EB900235D0A /* WorkoutApp.app */ = {isa = PBXFileReference; explicitFileType = wrapper.application; includeInIndex = 0; path = WorkoutApp.app; sourceTree = BUILT_PRODUCTS_DIR; };
		91E8B43221CD9EB900235D0A /* AppDelegate.swift */ = {isa = PBXFileReference; lastKnownFileType = sourcecode.swift; path = AppDelegate.swift; sourceTree = "<group>"; };
		91E8B43421CD9EB900235D0A /* MainGymController.swift */ = {isa = PBXFileReference; lastKnownFileType = sourcecode.swift; path = MainGymController.swift; sourceTree = "<group>"; };
		91E8B43721CD9EB900235D0A /* Base */ = {isa = PBXFileReference; lastKnownFileType = file.storyboard; name = Base; path = Base.lproj/GymMain.storyboard; sourceTree = "<group>"; };
		91E8B43921CD9EBB00235D0A /* Assets.xcassets */ = {isa = PBXFileReference; lastKnownFileType = folder.assetcatalog; path = Assets.xcassets; sourceTree = "<group>"; };
		91E8B43C21CD9EBB00235D0A /* Base */ = {isa = PBXFileReference; lastKnownFileType = file.storyboard; name = Base; path = Base.lproj/LaunchScreen.storyboard; sourceTree = "<group>"; };
		91E8B43E21CD9EBB00235D0A /* Info.plist */ = {isa = PBXFileReference; lastKnownFileType = text.plist.xml; path = Info.plist; sourceTree = "<group>"; };
		A6B420E0D3D42DA90A265528 /* Pods_WorkoutApp.framework */ = {isa = PBXFileReference; explicitFileType = wrapper.framework; includeInIndex = 0; path = Pods_WorkoutApp.framework; sourceTree = BUILT_PRODUCTS_DIR; };
		CEF975983893331A1F9E63CD /* Pods-WorkoutApp.debug.xcconfig */ = {isa = PBXFileReference; includeInIndex = 1; lastKnownFileType = text.xcconfig; name = "Pods-WorkoutApp.debug.xcconfig"; path = "Target Support Files/Pods-WorkoutApp/Pods-WorkoutApp.debug.xcconfig"; sourceTree = "<group>"; };
		DF6B0A566FD9579CCD050E3B /* Pods-WorkoutApp.release.xcconfig */ = {isa = PBXFileReference; includeInIndex = 1; lastKnownFileType = text.xcconfig; name = "Pods-WorkoutApp.release.xcconfig"; path = "Target Support Files/Pods-WorkoutApp/Pods-WorkoutApp.release.xcconfig"; sourceTree = "<group>"; };
/* End PBXFileReference section */

/* Begin PBXFrameworksBuildPhase section */
		91E8B42C21CD9EB900235D0A /* Frameworks */ = {
			isa = PBXFrameworksBuildPhase;
			buildActionMask = 2147483647;
			files = (
				790B1C7ACA2A73B7881CF275 /* Pods_WorkoutApp.framework in Frameworks */,
			);
			runOnlyForDeploymentPostprocessing = 0;
		};
/* End PBXFrameworksBuildPhase section */

/* Begin PBXGroup section */
		607B6E233CA9200E1B9C6269 /* Frameworks */ = {
			isa = PBXGroup;
			children = (
				A6B420E0D3D42DA90A265528 /* Pods_WorkoutApp.framework */,
			);
			name = Frameworks;
			sourceTree = "<group>";
		};
		910D1E4B222EE8BF0090B2BB /* Views */ = {
			isa = PBXGroup;
			children = (
				910D1E68222F496E0090B2BB /* GoalView.swift */,
				910D1E7A222F4C020090B2BB /* GoalView.xib */,
				910D1E6A222F49800090B2BB /* DaysView.swift */,
				910D1E7E222F4C260090B2BB /* DaysView.xib */,
				910D1E6C222F49A10090B2BB /* WorkoutLengthView.swift */,
				910D1E80222F4C470090B2BB /* WorkoutLengthView.xib */,
				910D1E6E222F49D50090B2BB /* GymMemberView.swift */,
				910D1E82222F4C5F0090B2BB /* GymMemberView.xib */,
				910D1E4C222EE9740090B2BB /* LoginView.xib */,
				910D1E84223080AD0090B2BB /* LoginView.swift */,
				910D1E50222EE9FF0090B2BB /* EditRecordDetailView.swift */,
				910D1E66222EEC590090B2BB /* IBDesignableViews.swift */,
				910D1E52222EEA1C0090B2BB /* EditRecordDetailView.xib */,
			);
			path = Views;
			sourceTree = "<group>";
		};
		910D1E54222EEA680090B2BB /* Firebase Utilities */ = {
			isa = PBXGroup;
			children = (
				910D1E55222EEAB10090B2BB /* UserSession.swift */,
				910D1E57222EEAC50090B2BB /* DatabaseKeys.swift */,
				910D1E59222EEAD50090B2BB /* DatabaseManager.swift */,
				910D1E5B222EEAE50090B2BB /* StorageManager.swift */,
				910D1E5D222EEAF30090B2BB /* StorageKeys.swift */,
			);
			path = "Firebase Utilities";
			sourceTree = "<group>";
		};
		910D1E8C2231B4640090B2BB /* Storyboards */ = {
			isa = PBXGroup;
			children = (
				91E8B43621CD9EB900235D0A /* GymMain.storyboard */,
				910D1E8F2231BD5A0090B2BB /* Main.storyboard */,
			);
			path = Storyboards;
			sourceTree = "<group>";
		};
		9176F4FA21DD63C3001F68A8 /* Models */ = {
			isa = PBXGroup;
			children = (
				910D1E49222DFB480090B2BB /* String+Extensions.swift */,
				9176F4F821DD63BC001F68A8 /* Gym.swift */,
				910D1E45222D8B1D0090B2BB /* WorkoutProgram.swift */,
				910D1E862231784D0090B2BB /* GymUser.swift */,
				910D1E88223178EA0090B2BB /* GymEntry .swift */,
				910D1E8A22317E330090B2BB /* WorkoutType.swift */,
			);
			path = Models;
			sourceTree = "<group>";
		};
		9176F4FB21DD63CD001F68A8 /* Controllers */ = {
			isa = PBXGroup;
			children = (
				91E8B43421CD9EB900235D0A /* MainGymController.swift */,
				910D1E70222F4A510090B2BB /* GoalViewController.swift */,
				910D1E72222F4AED0090B2BB /* DaysViewController.swift */,
				910D1E74222F4B5A0090B2BB /* WorkoutLengthViewController.swift */,
				910D1E76222F4B7E0090B2BB /* GymMemberViewController.swift */,
				910D1E78222F4B950090B2BB /* LoginViewController.swift */,
				9176F50521DD7A8A001F68A8 /* GymDetailViewController.swift */,
				91D856F821E448810085B31A /* DescriptionDetailViewController.swift */,
				9181C55921EE5CF200292B08 /* PostViewController.swift */,
				910D1E60222EEB910090B2BB /* ProfileViewController.swift */,
				910D1E64222EEC2C0090B2BB /* UIViewController+Alerts.swift */,
			);
			path = Controllers;
			sourceTree = "<group>";
		};
		9176F50021DD6662001F68A8 /* Helpers  */ = {
			isa = PBXGroup;
			children = (
				9176F50121DD668A001F68A8 /* NetworkHelper .swift */,
				9176F50321DD6851001F68A8 /* AppError.swift */,
				910D1E40222C8A5B0090B2BB /* Image Helper.swift */,
				9176F4FC21DD6506001F68A8 /* WorkoutAPIClient .swift */,
				91E8B43221CD9EB900235D0A /* AppDelegate.swift */,
			);
			path = "Helpers ";
			sourceTree = "<group>";
		};
		91E8B42621CD9EB800235D0A = {
			isa = PBXGroup;
			children = (
				91E8B43121CD9EB900235D0A /* WorkoutApp */,
				91E8B43021CD9EB900235D0A /* Products */,
				C4C7E9990C74309F6129A505 /* Pods */,
				607B6E233CA9200E1B9C6269 /* Frameworks */,
			);
			sourceTree = "<group>";
		};
		91E8B43021CD9EB900235D0A /* Products */ = {
			isa = PBXGroup;
			children = (
				91E8B42F21CD9EB900235D0A /* WorkoutApp.app */,
			);
			name = Products;
			sourceTree = "<group>";
		};
		91E8B43121CD9EB900235D0A /* WorkoutApp */ = {
			isa = PBXGroup;
			children = (
				9176F4FB21DD63CD001F68A8 /* Controllers */,
				910D1E4B222EE8BF0090B2BB /* Views */,
				910D1E8C2231B4640090B2BB /* Storyboards */,
				9176F50021DD6662001F68A8 /* Helpers  */,
				910D1E54222EEA680090B2BB /* Firebase Utilities */,
				9176F4FA21DD63C3001F68A8 /* Models */,
				91E8B43921CD9EBB00235D0A /* Assets.xcassets */,
				91E8B43B21CD9EBB00235D0A /* LaunchScreen.storyboard */,
				913F83F1221B5015007D6426 /* GoogleService-Info.plist */,
				91E8B43E21CD9EBB00235D0A /* Info.plist */,
			);
			path = WorkoutApp;
			sourceTree = "<group>";
		};
		C4C7E9990C74309F6129A505 /* Pods */ = {
			isa = PBXGroup;
			children = (
				CEF975983893331A1F9E63CD /* Pods-WorkoutApp.debug.xcconfig */,
				DF6B0A566FD9579CCD050E3B /* Pods-WorkoutApp.release.xcconfig */,
			);
			path = Pods;
			sourceTree = "<group>";
		};
/* End PBXGroup section */

/* Begin PBXNativeTarget section */
		91E8B42E21CD9EB900235D0A /* WorkoutApp */ = {
			isa = PBXNativeTarget;
			buildConfigurationList = 91E8B44121CD9EBB00235D0A /* Build configuration list for PBXNativeTarget "WorkoutApp" */;
			buildPhases = (
				1C857D4B113ACE305D804AD0 /* [CP] Check Pods Manifest.lock */,
				91E8B42B21CD9EB900235D0A /* Sources */,
				91E8B42C21CD9EB900235D0A /* Frameworks */,
				91E8B42D21CD9EB900235D0A /* Resources */,
				E9CDD09A43CC07D9A71DDAE3 /* [CP] Embed Pods Frameworks */,
			);
			buildRules = (
			);
			dependencies = (
			);
			name = WorkoutApp;
			productName = WorkoutApp;
			productReference = 91E8B42F21CD9EB900235D0A /* WorkoutApp.app */;
			productType = "com.apple.product-type.application";
		};
/* End PBXNativeTarget section */

/* Begin PBXProject section */
		91E8B42721CD9EB900235D0A /* Project object */ = {
			isa = PBXProject;
			attributes = {
				LastSwiftUpdateCheck = 1000;
				LastUpgradeCheck = 1000;
				ORGANIZATIONNAME = "Yaz Burrell";
				TargetAttributes = {
					91E8B42E21CD9EB900235D0A = {
						CreatedOnToolsVersion = 10.0;
					};
				};
			};
			buildConfigurationList = 91E8B42A21CD9EB900235D0A /* Build configuration list for PBXProject "WorkoutApp" */;
			compatibilityVersion = "Xcode 9.3";
			developmentRegion = en;
			hasScannedForEncodings = 0;
			knownRegions = (
				en,
				Base,
			);
			mainGroup = 91E8B42621CD9EB800235D0A;
			productRefGroup = 91E8B43021CD9EB900235D0A /* Products */;
			projectDirPath = "";
			projectRoot = "";
			targets = (
				91E8B42E21CD9EB900235D0A /* WorkoutApp */,
			);
		};
/* End PBXProject section */

/* Begin PBXResourcesBuildPhase section */
		91E8B42D21CD9EB900235D0A /* Resources */ = {
			isa = PBXResourcesBuildPhase;
			buildActionMask = 2147483647;
			files = (
				910D1E83222F4C5F0090B2BB /* GymMemberView.xib in Resources */,
				910D1E7B222F4C020090B2BB /* GoalView.xib in Resources */,
				910D1E7F222F4C270090B2BB /* DaysView.xib in Resources */,
				910D1E81222F4C470090B2BB /* WorkoutLengthView.xib in Resources */,
				91E8B43D21CD9EBB00235D0A /* LaunchScreen.storyboard in Resources */,
				910D1E902231BD5A0090B2BB /* Main.storyboard in Resources */,
				91E8B43A21CD9EBB00235D0A /* Assets.xcassets in Resources */,
				91E8B43821CD9EB900235D0A /* GymMain.storyboard in Resources */,
				910D1E4D222EE9740090B2BB /* LoginView.xib in Resources */,
				910D1E53222EEA1C0090B2BB /* EditRecordDetailView.xib in Resources */,
				913F83F2221B5015007D6426 /* GoogleService-Info.plist in Resources */,
			);
			runOnlyForDeploymentPostprocessing = 0;
		};
/* End PBXResourcesBuildPhase section */

/* Begin PBXShellScriptBuildPhase section */
		1C857D4B113ACE305D804AD0 /* [CP] Check Pods Manifest.lock */ = {
			isa = PBXShellScriptBuildPhase;
			buildActionMask = 2147483647;
			files = (
			);
			inputFileListPaths = (
			);
			inputPaths = (
				"${PODS_PODFILE_DIR_PATH}/Podfile.lock",
				"${PODS_ROOT}/Manifest.lock",
			);
			name = "[CP] Check Pods Manifest.lock";
			outputFileListPaths = (
			);
			outputPaths = (
				"$(DERIVED_FILE_DIR)/Pods-WorkoutApp-checkManifestLockResult.txt",
			);
			runOnlyForDeploymentPostprocessing = 0;
			shellPath = /bin/sh;
			shellScript = "diff \"${PODS_PODFILE_DIR_PATH}/Podfile.lock\" \"${PODS_ROOT}/Manifest.lock\" > /dev/null\nif [ $? != 0 ] ; then\n    # print error to STDERR\n    echo \"error: The sandbox is not in sync with the Podfile.lock. Run 'pod install' or update your CocoaPods installation.\" >&2\n    exit 1\nfi\n# This output is used by Xcode 'outputs' to avoid re-running this script phase.\necho \"SUCCESS\" > \"${SCRIPT_OUTPUT_FILE_0}\"\n";
			showEnvVarsInLog = 0;
		};
		E9CDD09A43CC07D9A71DDAE3 /* [CP] Embed Pods Frameworks */ = {
			isa = PBXShellScriptBuildPhase;
			buildActionMask = 2147483647;
			files = (
			);
			inputFileListPaths = (
			);
			inputPaths = (
				"${PODS_ROOT}/Target Support Files/Pods-WorkoutApp/Pods-WorkoutApp-frameworks.sh",
				"${BUILT_PRODUCTS_DIR}/BoringSSL-GRPC/openssl_grpc.framework",
				"${BUILT_PRODUCTS_DIR}/DateToolsSwift/DateToolsSwift.framework",
				"${BUILT_PRODUCTS_DIR}/GTMSessionFetcher/GTMSessionFetcher.framework",
				"${BUILT_PRODUCTS_DIR}/GoogleUtilities/GoogleUtilities.framework",
				"${BUILT_PRODUCTS_DIR}/Protobuf/Protobuf.framework",
				"${BUILT_PRODUCTS_DIR}/gRPC-C++/grpcpp.framework",
				"${BUILT_PRODUCTS_DIR}/gRPC-Core/grpc.framework",
				"${BUILT_PRODUCTS_DIR}/leveldb-library/leveldb.framework",
				"${BUILT_PRODUCTS_DIR}/nanopb/nanopb.framework",
			);
			name = "[CP] Embed Pods Frameworks";
			outputFileListPaths = (
			);
			outputPaths = (
				"${TARGET_BUILD_DIR}/${FRAMEWORKS_FOLDER_PATH}/openssl_grpc.framework",
				"${TARGET_BUILD_DIR}/${FRAMEWORKS_FOLDER_PATH}/DateToolsSwift.framework",
				"${TARGET_BUILD_DIR}/${FRAMEWORKS_FOLDER_PATH}/GTMSessionFetcher.framework",
				"${TARGET_BUILD_DIR}/${FRAMEWORKS_FOLDER_PATH}/GoogleUtilities.framework",
				"${TARGET_BUILD_DIR}/${FRAMEWORKS_FOLDER_PATH}/Protobuf.framework",
				"${TARGET_BUILD_DIR}/${FRAMEWORKS_FOLDER_PATH}/grpcpp.framework",
				"${TARGET_BUILD_DIR}/${FRAMEWORKS_FOLDER_PATH}/grpc.framework",
				"${TARGET_BUILD_DIR}/${FRAMEWORKS_FOLDER_PATH}/leveldb.framework",
				"${TARGET_BUILD_DIR}/${FRAMEWORKS_FOLDER_PATH}/nanopb.framework",
			);
			runOnlyForDeploymentPostprocessing = 0;
			shellPath = /bin/sh;
			shellScript = "\"${PODS_ROOT}/Target Support Files/Pods-WorkoutApp/Pods-WorkoutApp-frameworks.sh\"\n";
			showEnvVarsInLog = 0;
		};
/* End PBXShellScriptBuildPhase section */

/* Begin PBXSourcesBuildPhase section */
		91E8B42B21CD9EB900235D0A /* Sources */ = {
			isa = PBXSourcesBuildPhase;
			buildActionMask = 2147483647;
			files = (
				910D1E51222EE9FF0090B2BB /* EditRecordDetailView.swift in Sources */,
				910D1E8B22317E330090B2BB /* WorkoutType.swift in Sources */,
				9176F50221DD668A001F68A8 /* NetworkHelper .swift in Sources */,
				910D1E61222EEB910090B2BB /* ProfileViewController.swift in Sources */,
				9176F50621DD7A8A001F68A8 /* GymDetailViewController.swift in Sources */,
				910D1E5C222EEAE50090B2BB /* StorageManager.swift in Sources */,
				910D1E6B222F49810090B2BB /* DaysView.swift in Sources */,
				910D1E77222F4B7E0090B2BB /* GymMemberViewController.swift in Sources */,
				91E8B43521CD9EB900235D0A /* MainGymController.swift in Sources */,
				910D1E5A222EEAD50090B2BB /* DatabaseManager.swift in Sources */,
				9181C55A21EE5CF200292B08 /* PostViewController.swift in Sources */,
				910D1E75222F4B5A0090B2BB /* WorkoutLengthViewController.swift in Sources */,
				910D1E5E222EEAF30090B2BB /* StorageKeys.swift in Sources */,
				910D1E67222EEC590090B2BB /* IBDesignableViews.swift in Sources */,
				910D1E79222F4B950090B2BB /* LoginViewController.swift in Sources */,
				910D1E4A222DFB480090B2BB /* String+Extensions.swift in Sources */,
				910D1E6F222F49D50090B2BB /* GymMemberView.swift in Sources */,
				910D1E89223178EA0090B2BB /* GymEntry .swift in Sources */,
				910D1E56222EEAB10090B2BB /* UserSession.swift in Sources */,
				91D856F921E448810085B31A /* DescriptionDetailViewController.swift in Sources */,
				9176F50421DD6851001F68A8 /* AppError.swift in Sources */,
				910D1E41222C8A5B0090B2BB /* Image Helper.swift in Sources */,
				910D1E872231784D0090B2BB /* GymUser.swift in Sources */,
				91E8B43321CD9EB900235D0A /* AppDelegate.swift in Sources */,
				910D1E46222D8B1D0090B2BB /* WorkoutProgram.swift in Sources */,
				910D1E85223080AD0090B2BB /* LoginView.swift in Sources */,
				9176F4FD21DD6506001F68A8 /* WorkoutAPIClient .swift in Sources */,
				910D1E58222EEAC50090B2BB /* DatabaseKeys.swift in Sources */,
				910D1E65222EEC2C0090B2BB /* UIViewController+Alerts.swift in Sources */,
				910D1E73222F4AED0090B2BB /* DaysViewController.swift in Sources */,
				910D1E69222F496E0090B2BB /* GoalView.swift in Sources */,
				910D1E71222F4A510090B2BB /* GoalViewController.swift in Sources */,
				910D1E6D222F49A10090B2BB /* WorkoutLengthView.swift in Sources */,
				9176F4F921DD63BC001F68A8 /* Gym.swift in Sources */,
			);
			runOnlyForDeploymentPostprocessing = 0;
		};
/* End PBXSourcesBuildPhase section */

/* Begin PBXVariantGroup section */
		91E8B43621CD9EB900235D0A /* GymMain.storyboard */ = {
			isa = PBXVariantGroup;
			children = (
				91E8B43721CD9EB900235D0A /* Base */,
			);
			name = GymMain.storyboard;
			sourceTree = "<group>";
		};
		91E8B43B21CD9EBB00235D0A /* LaunchScreen.storyboard */ = {
			isa = PBXVariantGroup;
			children = (
				91E8B43C21CD9EBB00235D0A /* Base */,
			);
			name = LaunchScreen.storyboard;
			sourceTree = "<group>";
		};
/* End PBXVariantGroup section */

/* Begin XCBuildConfiguration section */
		91E8B43F21CD9EBB00235D0A /* Debug */ = {
			isa = XCBuildConfiguration;
			buildSettings = {
				ALWAYS_SEARCH_USER_PATHS = NO;
				CLANG_ANALYZER_NONNULL = YES;
				CLANG_ANALYZER_NUMBER_OBJECT_CONVERSION = YES_AGGRESSIVE;
				CLANG_CXX_LANGUAGE_STANDARD = "gnu++14";
				CLANG_CXX_LIBRARY = "libc++";
				CLANG_ENABLE_MODULES = YES;
				CLANG_ENABLE_OBJC_ARC = YES;
				CLANG_ENABLE_OBJC_WEAK = YES;
				CLANG_WARN_BLOCK_CAPTURE_AUTORELEASING = YES;
				CLANG_WARN_BOOL_CONVERSION = YES;
				CLANG_WARN_COMMA = YES;
				CLANG_WARN_CONSTANT_CONVERSION = YES;
				CLANG_WARN_DEPRECATED_OBJC_IMPLEMENTATIONS = YES;
				CLANG_WARN_DIRECT_OBJC_ISA_USAGE = YES_ERROR;
				CLANG_WARN_DOCUMENTATION_COMMENTS = YES;
				CLANG_WARN_EMPTY_BODY = YES;
				CLANG_WARN_ENUM_CONVERSION = YES;
				CLANG_WARN_INFINITE_RECURSION = YES;
				CLANG_WARN_INT_CONVERSION = YES;
				CLANG_WARN_NON_LITERAL_NULL_CONVERSION = YES;
				CLANG_WARN_OBJC_IMPLICIT_RETAIN_SELF = YES;
				CLANG_WARN_OBJC_LITERAL_CONVERSION = YES;
				CLANG_WARN_OBJC_ROOT_CLASS = YES_ERROR;
				CLANG_WARN_RANGE_LOOP_ANALYSIS = YES;
				CLANG_WARN_STRICT_PROTOTYPES = YES;
				CLANG_WARN_SUSPICIOUS_MOVE = YES;
				CLANG_WARN_UNGUARDED_AVAILABILITY = YES_AGGRESSIVE;
				CLANG_WARN_UNREACHABLE_CODE = YES;
				CLANG_WARN__DUPLICATE_METHOD_MATCH = YES;
				CODE_SIGN_IDENTITY = "iPhone Developer";
				COPY_PHASE_STRIP = NO;
				DEBUG_INFORMATION_FORMAT = dwarf;
				ENABLE_STRICT_OBJC_MSGSEND = YES;
				ENABLE_TESTABILITY = YES;
				GCC_C_LANGUAGE_STANDARD = gnu11;
				GCC_DYNAMIC_NO_PIC = NO;
				GCC_NO_COMMON_BLOCKS = YES;
				GCC_OPTIMIZATION_LEVEL = 0;
				GCC_PREPROCESSOR_DEFINITIONS = (
					"DEBUG=1",
					"$(inherited)",
				);
				GCC_WARN_64_TO_32_BIT_CONVERSION = YES;
				GCC_WARN_ABOUT_RETURN_TYPE = YES_ERROR;
				GCC_WARN_UNDECLARED_SELECTOR = YES;
				GCC_WARN_UNINITIALIZED_AUTOS = YES_AGGRESSIVE;
				GCC_WARN_UNUSED_FUNCTION = YES;
				GCC_WARN_UNUSED_VARIABLE = YES;
				IPHONEOS_DEPLOYMENT_TARGET = 12.0;
				MTL_ENABLE_DEBUG_INFO = INCLUDE_SOURCE;
				MTL_FAST_MATH = YES;
				ONLY_ACTIVE_ARCH = YES;
				SDKROOT = iphoneos;
				SWIFT_ACTIVE_COMPILATION_CONDITIONS = DEBUG;
				SWIFT_OPTIMIZATION_LEVEL = "-Onone";
			};
			name = Debug;
		};
		91E8B44021CD9EBB00235D0A /* Release */ = {
			isa = XCBuildConfiguration;
			buildSettings = {
				ALWAYS_SEARCH_USER_PATHS = NO;
				CLANG_ANALYZER_NONNULL = YES;
				CLANG_ANALYZER_NUMBER_OBJECT_CONVERSION = YES_AGGRESSIVE;
				CLANG_CXX_LANGUAGE_STANDARD = "gnu++14";
				CLANG_CXX_LIBRARY = "libc++";
				CLANG_ENABLE_MODULES = YES;
				CLANG_ENABLE_OBJC_ARC = YES;
				CLANG_ENABLE_OBJC_WEAK = YES;
				CLANG_WARN_BLOCK_CAPTURE_AUTORELEASING = YES;
				CLANG_WARN_BOOL_CONVERSION = YES;
				CLANG_WARN_COMMA = YES;
				CLANG_WARN_CONSTANT_CONVERSION = YES;
				CLANG_WARN_DEPRECATED_OBJC_IMPLEMENTATIONS = YES;
				CLANG_WARN_DIRECT_OBJC_ISA_USAGE = YES_ERROR;
				CLANG_WARN_DOCUMENTATION_COMMENTS = YES;
				CLANG_WARN_EMPTY_BODY = YES;
				CLANG_WARN_ENUM_CONVERSION = YES;
				CLANG_WARN_INFINITE_RECURSION = YES;
				CLANG_WARN_INT_CONVERSION = YES;
				CLANG_WARN_NON_LITERAL_NULL_CONVERSION = YES;
				CLANG_WARN_OBJC_IMPLICIT_RETAIN_SELF = YES;
				CLANG_WARN_OBJC_LITERAL_CONVERSION = YES;
				CLANG_WARN_OBJC_ROOT_CLASS = YES_ERROR;
				CLANG_WARN_RANGE_LOOP_ANALYSIS = YES;
				CLANG_WARN_STRICT_PROTOTYPES = YES;
				CLANG_WARN_SUSPICIOUS_MOVE = YES;
				CLANG_WARN_UNGUARDED_AVAILABILITY = YES_AGGRESSIVE;
				CLANG_WARN_UNREACHABLE_CODE = YES;
				CLANG_WARN__DUPLICATE_METHOD_MATCH = YES;
				CODE_SIGN_IDENTITY = "iPhone Developer";
				COPY_PHASE_STRIP = NO;
				DEBUG_INFORMATION_FORMAT = "dwarf-with-dsym";
				ENABLE_NS_ASSERTIONS = NO;
				ENABLE_STRICT_OBJC_MSGSEND = YES;
				GCC_C_LANGUAGE_STANDARD = gnu11;
				GCC_NO_COMMON_BLOCKS = YES;
				GCC_WARN_64_TO_32_BIT_CONVERSION = YES;
				GCC_WARN_ABOUT_RETURN_TYPE = YES_ERROR;
				GCC_WARN_UNDECLARED_SELECTOR = YES;
				GCC_WARN_UNINITIALIZED_AUTOS = YES_AGGRESSIVE;
				GCC_WARN_UNUSED_FUNCTION = YES;
				GCC_WARN_UNUSED_VARIABLE = YES;
				IPHONEOS_DEPLOYMENT_TARGET = 12.0;
				MTL_ENABLE_DEBUG_INFO = NO;
				MTL_FAST_MATH = YES;
				SDKROOT = iphoneos;
				SWIFT_COMPILATION_MODE = wholemodule;
				SWIFT_OPTIMIZATION_LEVEL = "-O";
				VALIDATE_PRODUCT = YES;
			};
			name = Release;
		};
		91E8B44221CD9EBB00235D0A /* Debug */ = {
			isa = XCBuildConfiguration;
			baseConfigurationReference = CEF975983893331A1F9E63CD /* Pods-WorkoutApp.debug.xcconfig */;
			buildSettings = {
				ASSETCATALOG_COMPILER_APPICON_NAME = AppIcon;
				CODE_SIGN_STYLE = Automatic;
				DEVELOPMENT_TEAM = PLXRGQY243;
				INFOPLIST_FILE = WorkoutApp/Info.plist;
				LD_RUNPATH_SEARCH_PATHS = (
					"$(inherited)",
					"@executable_path/Frameworks",
				);
				PRODUCT_BUNDLE_IDENTIFIER = "Yaz-Burrell.WorkoutApp";
				PRODUCT_NAME = "$(TARGET_NAME)";
				SWIFT_VERSION = 4.2;
				TARGETED_DEVICE_FAMILY = "1,2";
			};
			name = Debug;
		};
		91E8B44321CD9EBB00235D0A /* Release */ = {
			isa = XCBuildConfiguration;
			baseConfigurationReference = DF6B0A566FD9579CCD050E3B /* Pods-WorkoutApp.release.xcconfig */;
			buildSettings = {
				ASSETCATALOG_COMPILER_APPICON_NAME = AppIcon;
				CODE_SIGN_STYLE = Automatic;
				DEVELOPMENT_TEAM = PLXRGQY243;
				INFOPLIST_FILE = WorkoutApp/Info.plist;
				LD_RUNPATH_SEARCH_PATHS = (
					"$(inherited)",
					"@executable_path/Frameworks",
				);
				PRODUCT_BUNDLE_IDENTIFIER = "Yaz-Burrell.WorkoutApp";
				PRODUCT_NAME = "$(TARGET_NAME)";
				SWIFT_VERSION = 4.2;
				TARGETED_DEVICE_FAMILY = "1,2";
			};
			name = Release;
		};
/* End XCBuildConfiguration section */

/* Begin XCConfigurationList section */
		91E8B42A21CD9EB900235D0A /* Build configuration list for PBXProject "WorkoutApp" */ = {
			isa = XCConfigurationList;
			buildConfigurations = (
				91E8B43F21CD9EBB00235D0A /* Debug */,
				91E8B44021CD9EBB00235D0A /* Release */,
			);
			defaultConfigurationIsVisible = 0;
			defaultConfigurationName = Release;
		};
		91E8B44121CD9EBB00235D0A /* Build configuration list for PBXNativeTarget "WorkoutApp" */ = {
			isa = XCConfigurationList;
			buildConfigurations = (
				91E8B44221CD9EBB00235D0A /* Debug */,
				91E8B44321CD9EBB00235D0A /* Release */,
			);
			defaultConfigurationIsVisible = 0;
			defaultConfigurationName = Release;
		};
/* End XCConfigurationList section */
	};
	rootObject = 91E8B42721CD9EB900235D0A /* Project object */;
}
